
Microsoft Visual Studio Solution File, Format Version 10.00
# Visual Studio 2008
Project("{FAE04EC0-301F-11D3-BF4B-00C04F79EFBC}") = "Discorder", "Discorder\Discorder.csproj", "{4488B657-9BF5-4F0C-9110-CBB0EB8F7D12}"
EndProject
Global
	GlobalSection(SolutionConfigurationPlatforms) = preSolution
		Debug|Any CPU = Debug|Any CPU
		Release|Any CPU = Release|Any CPU
	EndGlobalSection
	GlobalSection(ProjectConfigurationPlatforms) = postSolution
		{4488B657-9BF5-4F0C-9110-CBB0EB8F7D12}.Debug|Any CPU.ActiveCfg = Debug|Any CPU
		{4488B657-9BF5-4F0C-9110-CBB0EB8F7D12}.Debug|Any CPU.Build.0 = Debug|Any CPU
		{4488B657-9BF5-4F0C-9110-CBB0EB8F7D12}.Release|Any CPU.ActiveCfg = Release|Any CPU
		{4488B657-9BF5-4F0C-9110-CBB0EB8F7D12}.Release|Any CPU.Build.0 = Release|Any CPU
	EndGlobalSection
	GlobalSection(SolutionProperties) = preSolution
		HideSolutionNode = FALSE
	EndGlobalSection
EndGlobal
